
Microsoft Visual Studio Solution File, Format Version 12.00
Project("{FAE04EC0-301F-11D3-BF4B-00C04F79EFBC}") = "Exchange", "Exchange\Exchange.csproj", "{6A77F28D-FAE5-4714-B769-484DBA24CE9E}"
EndProject
Project("{FAE04EC0-301F-11D3-BF4B-00C04F79EFBC}") = "Exchange.Test", "Exchange.Test\Exchange.Test.csproj", "{1D3C45AB-D844-4258-B0D1-91CD1CBC21F8}"
EndProject
Global
	GlobalSection(SolutionConfigurationPlatforms) = preSolution
		Debug|Any CPU = Debug|Any CPU
		Release|Any CPU = Release|Any CPU
	EndGlobalSection
	GlobalSection(ProjectConfigurationPlatforms) = postSolution
		{6A77F28D-FAE5-4714-B769-484DBA24CE9E}.Debug|Any CPU.ActiveCfg = Debug|Any CPU
		{6A77F28D-FAE5-4714-B769-484DBA24CE9E}.Debug|Any CPU.Build.0 = Debug|Any CPU
		{6A77F28D-FAE5-4714-B769-484DBA24CE9E}.Release|Any CPU.ActiveCfg = Release|Any CPU
		{6A77F28D-FAE5-4714-B769-484DBA24CE9E}.Release|Any CPU.Build.0 = Release|Any CPU
		{1D3C45AB-D844-4258-B0D1-91CD1CBC21F8}.Debug|Any CPU.ActiveCfg = Debug|Any CPU
		{1D3C45AB-D844-4258-B0D1-91CD1CBC21F8}.Debug|Any CPU.Build.0 = Debug|Any CPU
		{1D3C45AB-D844-4258-B0D1-91CD1CBC21F8}.Release|Any CPU.ActiveCfg = Release|Any CPU
		{1D3C45AB-D844-4258-B0D1-91CD1CBC21F8}.Release|Any CPU.Build.0 = Release|Any CPU
	EndGlobalSection
EndGlobal
